// !$*UTF8*$!
{
	archiveVersion = 1;
	classes = {
	};
	objectVersion = 56;
	objects = {

/* Begin PBXBuildFile section */
		B8533B412A7BDB63009B8825 /* LandmarksApp.swift in Sources */ = {isa = PBXBuildFile; fileRef = B8533B402A7BDB63009B8825 /* LandmarksApp.swift */; };
		B8533B452A7BDB64009B8825 /* Assets.xcassets in Resources */ = {isa = PBXBuildFile; fileRef = B8533B442A7BDB64009B8825 /* Assets.xcassets */; };
		B8533B482A7BDB64009B8825 /* Preview Assets.xcassets in Resources */ = {isa = PBXBuildFile; fileRef = B8533B472A7BDB64009B8825 /* Preview Assets.xcassets */; };
		B8533B4F2A7BE6B8009B8825 /* CircleImage.swift in Sources */ = {isa = PBXBuildFile; fileRef = B8533B4E2A7BE6B8009B8825 /* CircleImage.swift */; };
		B8533B512A7BF06E009B8825 /* MapView.swift in Sources */ = {isa = PBXBuildFile; fileRef = B8533B502A7BF06E009B8825 /* MapView.swift */; };
		B88D678D2A86890C008D33E4 /* LandMarkList.swift in Sources */ = {isa = PBXBuildFile; fileRef = B88D678C2A86890C008D33E4 /* LandMarkList.swift */; };
		B88D678F2A868B01008D33E4 /* LandMarkDetail.swift in Sources */ = {isa = PBXBuildFile; fileRef = B88D678E2A868B01008D33E4 /* LandMarkDetail.swift */; };
		B88D67912A868BD4008D33E4 /* ContentView.swift in Sources */ = {isa = PBXBuildFile; fileRef = B88D67902A868BD4008D33E4 /* ContentView.swift */; };
		B88FB9002A814BEB00D05F84 /* ModelData.swift in Sources */ = {isa = PBXBuildFile; fileRef = B88FB8FF2A814BEB00D05F84 /* ModelData.swift */; };
		B88FB9052A814C9400D05F84 /* LandmarkRow.swift in Sources */ = {isa = PBXBuildFile; fileRef = B88FB9042A814C9400D05F84 /* LandmarkRow.swift */; };
		B8EA1E032A7D5ADE00394633 /* landmarkData.json in Resources */ = {isa = PBXBuildFile; fileRef = B8EA1E022A7D5ADE00394633 /* landmarkData.json */; };
		B8EA1E052A7D5B0700394633 /* Landmark.swift in Sources */ = {isa = PBXBuildFile; fileRef = B8EA1E042A7D5B0700394633 /* Landmark.swift */; };
/* End PBXBuildFile section */

/* Begin PBXFileReference section */
		B8533B3D2A7BDB63009B8825 /* Landmarks.app */ = {isa = PBXFileReference; explicitFileType = wrapper.application; includeInIndex = 0; path = Landmarks.app; sourceTree = BUILT_PRODUCTS_DIR; };
		B8533B402A7BDB63009B8825 /* LandmarksApp.swift */ = {isa = PBXFileReference; lastKnownFileType = sourcecode.swift; path = LandmarksApp.swift; sourceTree = "<group>"; };
		B8533B442A7BDB64009B8825 /* Assets.xcassets */ = {isa = PBXFileReference; lastKnownFileType = folder.assetcatalog; path = Assets.xcassets; sourceTree = "<group>"; };
		B8533B472A7BDB64009B8825 /* Preview Assets.xcassets */ = {isa = PBXFileReference; lastKnownFileType = folder.assetcatalog; path = "Preview Assets.xcassets"; sourceTree = "<group>"; };
		B8533B4E2A7BE6B8009B8825 /* CircleImage.swift */ = {isa = PBXFileReference; lastKnownFileType = sourcecode.swift; path = CircleImage.swift; sourceTree = "<group>"; };
		B8533B502A7BF06E009B8825 /* MapView.swift */ = {isa = PBXFileReference; lastKnownFileType = sourcecode.swift; path = MapView.swift; sourceTree = "<group>"; };
		B88D678C2A86890C008D33E4 /* LandMarkList.swift */ = {isa = PBXFileReference; lastKnownFileType = sourcecode.swift; path = LandMarkList.swift; sourceTree = "<group>"; };
		B88D678E2A868B01008D33E4 /* LandMarkDetail.swift */ = {isa = PBXFileReference; lastKnownFileType = sourcecode.swift; path = LandMarkDetail.swift; sourceTree = "<group>"; };
		B88D67902A868BD4008D33E4 /* ContentView.swift */ = {isa = PBXFileReference; fileEncoding = 4; lastKnownFileType = sourcecode.swift; path = ContentView.swift; sourceTree = "<group>"; };
		B88FB8FF2A814BEB00D05F84 /* ModelData.swift */ = {isa = PBXFileReference; lastKnownFileType = sourcecode.swift; path = ModelData.swift; sourceTree = "<group>"; };
		B88FB9042A814C9400D05F84 /* LandmarkRow.swift */ = {isa = PBXFileReference; lastKnownFileType = sourcecode.swift; path = LandmarkRow.swift; sourceTree = "<group>"; };
		B8EA1E022A7D5ADE00394633 /* landmarkData.json */ = {isa = PBXFileReference; fileEncoding = 4; lastKnownFileType = text.json; path = landmarkData.json; sourceTree = "<group>"; };
		B8EA1E042A7D5B0700394633 /* Landmark.swift */ = {isa = PBXFileReference; lastKnownFileType = sourcecode.swift; path = Landmark.swift; sourceTree = "<group>"; };
/* End PBXFileReference section */

/* Begin PBXFrameworksBuildPhase section */
		B8533B3A2A7BDB63009B8825 /* Frameworks */ = {
			isa = PBXFrameworksBuildPhase;
			buildActionMask = 2147483647;
			files = (
			);
			runOnlyForDeploymentPostprocessing = 0;
		};
/* End PBXFrameworksBuildPhase section */

/* Begin PBXGroup section */
		B8533B342A7BDB63009B8825 = {
			isa = PBXGroup;
			children = (
				B8533B3F2A7BDB63009B8825 /* Landmarks */,
				B8533B3E2A7BDB63009B8825 /* Products */,
			);
			sourceTree = "<group>";
		};
		B8533B3E2A7BDB63009B8825 /* Products */ = {
			isa = PBXGroup;
			children = (
				B8533B3D2A7BDB63009B8825 /* Landmarks.app */,
			);
			name = Products;
			sourceTree = "<group>";
		};
		B8533B3F2A7BDB63009B8825 /* Landmarks */ = {
			isa = PBXGroup;
			children = (
				B8533B402A7BDB63009B8825 /* LandmarksApp.swift */,
				B88FB9042A814C9400D05F84 /* LandmarkRow.swift */,
				B88FB9032A814C6A00D05F84 /* Model */,
				B88FB9012A814C2A00D05F84 /* Views */,
				B88FB9022A814C4100D05F84 /* Resources */,
				B8533B442A7BDB64009B8825 /* Assets.xcassets */,
				B8533B462A7BDB64009B8825 /* Preview Content */,
			);
			path = Landmarks;
			sourceTree = "<group>";
		};
		B8533B462A7BDB64009B8825 /* Preview Content */ = {
			isa = PBXGroup;
			children = (
				B8533B472A7BDB64009B8825 /* Preview Assets.xcassets */,
			);
			path = "Preview Content";
			sourceTree = "<group>";
		};
		B88FB9012A814C2A00D05F84 /* Views */ = {
			isa = PBXGroup;
			children = (
				B88D67902A868BD4008D33E4 /* ContentView.swift */,
				B8533B4E2A7BE6B8009B8825 /* CircleImage.swift */,
				B8533B502A7BF06E009B8825 /* MapView.swift */,
				B88D678C2A86890C008D33E4 /* LandMarkList.swift */,
				B88D678E2A868B01008D33E4 /* LandMarkDetail.swift */,
			);
			path = Views;
			sourceTree = "<group>";
		};
		B88FB9022A814C4100D05F84 /* Resources */ = {
			isa = PBXGroup;
			children = (
				B8EA1E022A7D5ADE00394633 /* landmarkData.json */,
			);
			path = Resources;
			sourceTree = "<group>";
		};
		B88FB9032A814C6A00D05F84 /* Model */ = {
			isa = PBXGroup;
			children = (
				B8EA1E042A7D5B0700394633 /* Landmark.swift */,
				B88FB8FF2A814BEB00D05F84 /* ModelData.swift */,
			);
			path = Model;
			sourceTree = "<group>";
		};
/* End PBXGroup section */

/* Begin PBXNativeTarget section */
		B8533B3C2A7BDB63009B8825 /* Landmarks */ = {
			isa = PBXNativeTarget;
			buildConfigurationList = B8533B4B2A7BDB64009B8825 /* Build configuration list for PBXNativeTarget "Landmarks" */;
			buildPhases = (
				B8533B392A7BDB63009B8825 /* Sources */,
				B8533B3A2A7BDB63009B8825 /* Frameworks */,
				B8533B3B2A7BDB63009B8825 /* Resources */,
			);
			buildRules = (
			);
			dependencies = (
			);
			name = Landmarks;
			productName = Landmarks;
			productReference = B8533B3D2A7BDB63009B8825 /* Landmarks.app */;
			productType = "com.apple.product-type.application";
		};
/* End PBXNativeTarget section */

/* Begin PBXProject section */
		B8533B352A7BDB63009B8825 /* Project object */ = {
			isa = PBXProject;
			attributes = {
				BuildIndependentTargetsInParallel = 1;
				LastSwiftUpdateCheck = 1430;
				LastUpgradeCheck = 1430;
				TargetAttributes = {
					B8533B3C2A7BDB63009B8825 = {
						CreatedOnToolsVersion = 14.3.1;
					};
				};
			};
			buildConfigurationList = B8533B382A7BDB63009B8825 /* Build configuration list for PBXProject "Landmarks" */;
			compatibilityVersion = "Xcode 14.0";
			developmentRegion = en;
			hasScannedForEncodings = 0;
			knownRegions = (
				en,
				Base,
			);
			mainGroup = B8533B342A7BDB63009B8825;
			productRefGroup = B8533B3E2A7BDB63009B8825 /* Products */;
			projectDirPath = "";
			projectRoot = "";
			targets = (
				B8533B3C2A7BDB63009B8825 /* Landmarks */,
			);
		};
/* End PBXProject section */

/* Begin PBXResourcesBuildPhase section */
		B8533B3B2A7BDB63009B8825 /* Resources */ = {
			isa = PBXResourcesBuildPhase;
			buildActionMask = 2147483647;
			files = (
				B8533B482A7BDB64009B8825 /* Preview Assets.xcassets in Resources */,
				B8533B452A7BDB64009B8825 /* Assets.xcassets in Resources */,
				B8EA1E032A7D5ADE00394633 /* landmarkData.json in Resources */,
			);
			runOnlyForDeploymentPostprocessing = 0;
		};
/* End PBXResourcesBuildPhase section */

/* Begin PBXSourcesBuildPhase section */
		B8533B392A7BDB63009B8825 /* Sources */ = {
			isa = PBXSourcesBuildPhase;
			buildActionMask = 2147483647;
			files = (
				B8533B512A7BF06E009B8825 /* MapView.swift in Sources */,
				B8533B412A7BDB63009B8825 /* LandmarksApp.swift in Sources */,
				B88D678D2A86890C008D33E4 /* LandMarkList.swift in Sources */,
				B88D678F2A868B01008D33E4 /* LandMarkDetail.swift in Sources */,
				B8533B4F2A7BE6B8009B8825 /* CircleImage.swift in Sources */,
				B88D67912A868BD4008D33E4 /* ContentView.swift in Sources */,
				B8EA1E052A7D5B0700394633 /* Landmark.swift in Sources */,
				B88FB9052A814C9400D05F84 /* LandmarkRow.swift in Sources */,
				B88FB9002A814BEB00D05F84 /* ModelData.swift in Sources */,
			);
			runOnlyForDeploymentPostprocessing = 0;
		};
/* End PBXSourcesBuildPhase section */

/* Begin XCBuildConfiguration section */
		B8533B492A7BDB64009B8825 /* Debug */ = {
			isa = XCBuildConfiguration;
			buildSettings = {
				ALWAYS_SEARCH_USER_PATHS = NO;
				CLANG_ANALYZER_NONNULL = YES;
				CLANG_ANALYZER_NUMBER_OBJECT_CONVERSION = YES_AGGRESSIVE;
				CLANG_CXX_LANGUAGE_STANDARD = "gnu++20";
				CLANG_ENABLE_MODULES = YES;
				CLANG_ENABLE_OBJC_ARC = YES;
				CLANG_ENABLE_OBJC_WEAK = YES;
				CLANG_WARN_BLOCK_CAPTURE_AUTORELEASING = YES;
				CLANG_WARN_BOOL_CONVERSION = YES;
				CLANG_WARN_COMMA = YES;
				CLANG_WARN_CONSTANT_CONVERSION = YES;
				CLANG_WARN_DEPRECATED_OBJC_IMPLEMENTATIONS = YES;
				CLANG_WARN_DIRECT_OBJC_ISA_USAGE = YES_ERROR;
				CLANG_WARN_DOCUMENTATION_COMMENTS = YES;
				CLANG_WARN_EMPTY_BODY = YES;
				CLANG_WARN_ENUM_CONVERSION = YES;
				CLANG_WARN_INFINITE_RECURSION = YES;
				CLANG_WARN_INT_CONVERSION = YES;
				CLANG_WARN_NON_LITERAL_NULL_CONVERSION = YES;
				CLANG_WARN_OBJC_IMPLICIT_RETAIN_SELF = YES;
				CLANG_WARN_OBJC_LITERAL_CONVERSION = YES;
				CLANG_WARN_OBJC_ROOT_CLASS = YES_ERROR;
				CLANG_WARN_QUOTED_INCLUDE_IN_FRAMEWORK_HEADER = YES;
				CLANG_WARN_RANGE_LOOP_ANALYSIS = YES;
				CLANG_WARN_STRICT_PROTOTYPES = YES;
				CLANG_WARN_SUSPICIOUS_MOVE = YES;
				CLANG_WARN_UNGUARDED_AVAILABILITY = YES_AGGRESSIVE;
				CLANG_WARN_UNREACHABLE_CODE = YES;
				CLANG_WARN__DUPLICATE_METHOD_MATCH = YES;
				COPY_PHASE_STRIP = NO;
				DEBUG_INFORMATION_FORMAT = dwarf;
				ENABLE_STRICT_OBJC_MSGSEND = YES;
				ENABLE_TESTABILITY = YES;
				GCC_C_LANGUAGE_STANDARD = gnu11;
				GCC_DYNAMIC_NO_PIC = NO;
				GCC_NO_COMMON_BLOCKS = YES;
				GCC_OPTIMIZATION_LEVEL = 0;
				GCC_PREPROCESSOR_DEFINITIONS = (
					"DEBUG=1",
					"$(inherited)",
				);
				GCC_WARN_64_TO_32_BIT_CONVERSION = YES;
				GCC_WARN_ABOUT_RETURN_TYPE = YES_ERROR;
				GCC_WARN_UNDECLARED_SELECTOR = YES;
				GCC_WARN_UNINITIALIZED_AUTOS = YES_AGGRESSIVE;
				GCC_WARN_UNUSED_FUNCTION = YES;
				GCC_WARN_UNUSED_VARIABLE = YES;
				IPHONEOS_DEPLOYMENT_TARGET = 16.4;
				MTL_ENABLE_DEBUG_INFO = INCLUDE_SOURCE;
				MTL_FAST_MATH = YES;
				ONLY_ACTIVE_ARCH = YES;
				SDKROOT = iphoneos;
				SWIFT_ACTIVE_COMPILATION_CONDITIONS = DEBUG;
				SWIFT_OPTIMIZATION_LEVEL = "-Onone";
			};
			name = Debug;
		};
		B8533B4A2A7BDB64009B8825 /* Release */ = {
			isa = XCBuildConfiguration;
			buildSettings = {
				ALWAYS_SEARCH_USER_PATHS = NO;
				CLANG_ANALYZER_NONNULL = YES;
				CLANG_ANALYZER_NUMBER_OBJECT_CONVERSION = YES_AGGRESSIVE;
				CLANG_CXX_LANGUAGE_STANDARD = "gnu++20";
				CLANG_ENABLE_MODULES = YES;
				CLANG_ENABLE_OBJC_ARC = YES;
				CLANG_ENABLE_OBJC_WEAK = YES;
				CLANG_WARN_BLOCK_CAPTURE_AUTORELEASING = YES;
				CLANG_WARN_BOOL_CONVERSION = YES;
				CLANG_WARN_COMMA = YES;
				CLANG_WARN_CONSTANT_CONVERSION = YES;
				CLANG_WARN_DEPRECATED_OBJC_IMPLEMENTATIONS = YES;
				CLANG_WARN_DIRECT_OBJC_ISA_USAGE = YES_ERROR;
				CLANG_WARN_DOCUMENTATION_COMMENTS = YES;
				CLANG_WARN_EMPTY_BODY = YES;
				CLANG_WARN_ENUM_CONVERSION = YES;
				CLANG_WARN_INFINITE_RECURSION = YES;
				CLANG_WARN_INT_CONVERSION = YES;
				CLANG_WARN_NON_LITERAL_NULL_CONVERSION = YES;
				CLANG_WARN_OBJC_IMPLICIT_RETAIN_SELF = YES;
				CLANG_WARN_OBJC_LITERAL_CONVERSION = YES;
				CLANG_WARN_OBJC_ROOT_CLASS = YES_ERROR;
				CLANG_WARN_QUOTED_INCLUDE_IN_FRAMEWORK_HEADER = YES;
				CLANG_WARN_RANGE_LOOP_ANALYSIS = YES;
				CLANG_WARN_STRICT_PROTOTYPES = YES;
				CLANG_WARN_SUSPICIOUS_MOVE = YES;
				CLANG_WARN_UNGUARDED_AVAILABILITY = YES_AGGRESSIVE;
				CLANG_WARN_UNREACHABLE_CODE = YES;
				CLANG_WARN__DUPLICATE_METHOD_MATCH = YES;
				COPY_PHASE_STRIP = NO;
				DEBUG_INFORMATION_FORMAT = "dwarf-with-dsym";
				ENABLE_NS_ASSERTIONS = NO;
				ENABLE_STRICT_OBJC_MSGSEND = YES;
				GCC_C_LANGUAGE_STANDARD = gnu11;
				GCC_NO_COMMON_BLOCKS = YES;
				GCC_WARN_64_TO_32_BIT_CONVERSION = YES;
				GCC_WARN_ABOUT_RETURN_TYPE = YES_ERROR;
				GCC_WARN_UNDECLARED_SELECTOR = YES;
				GCC_WARN_UNINITIALIZED_AUTOS = YES_AGGRESSIVE;
				GCC_WARN_UNUSED_FUNCTION = YES;
				GCC_WARN_UNUSED_VARIABLE = YES;
				IPHONEOS_DEPLOYMENT_TARGET = 16.4;
				MTL_ENABLE_DEBUG_INFO = NO;
				MTL_FAST_MATH = YES;
				SDKROOT = iphoneos;
				SWIFT_COMPILATION_MODE = wholemodule;
				SWIFT_OPTIMIZATION_LEVEL = "-O";
				VALIDATE_PRODUCT = YES;
			};
			name = Release;
		};
		B8533B4C2A7BDB64009B8825 /* Debug */ = {
			isa = XCBuildConfiguration;
			buildSettings = {
				ASSETCATALOG_COMPILER_APPICON_NAME = AppIcon;
				ASSETCATALOG_COMPILER_GLOBAL_ACCENT_COLOR_NAME = AccentColor;
				CODE_SIGN_STYLE = Automatic;
				CURRENT_PROJECT_VERSION = 1;
				DEVELOPMENT_ASSET_PATHS = "\"Landmarks/Preview Content\"";
				ENABLE_PREVIEWS = YES;
				GENERATE_INFOPLIST_FILE = YES;
				INFOPLIST_KEY_UIApplicationSceneManifest_Generation = YES;
				INFOPLIST_KEY_UIApplicationSupportsIndirectInputEvents = YES;
				INFOPLIST_KEY_UILaunchScreen_Generation = YES;
				INFOPLIST_KEY_UISupportedInterfaceOrientations_iPad = "UIInterfaceOrientationPortrait UIInterfaceOrientationPortraitUpsideDown UIInterfaceOrientationLandscapeLeft UIInterfaceOrientationLandscapeRight";
				INFOPLIST_KEY_UISupportedInterfaceOrientations_iPhone = "UIInterfaceOrientationPortrait UIInterfaceOrientationLandscapeLeft UIInterfaceOrientationLandscapeRight";
				LD_RUNPATH_SEARCH_PATHS = (
					"$(inherited)",
					"@executable_path/Frameworks",
				);
				MARKETING_VERSION = 1.0;
				PRODUCT_BUNDLE_IDENTIFIER = com.hedgehog.Landmarks;
				PRODUCT_NAME = "$(TARGET_NAME)";
				SWIFT_EMIT_LOC_STRINGS = YES;
				SWIFT_VERSION = 5.0;
				TARGETED_DEVICE_FAMILY = "1,2";
			};
			name = Debug;
		};
		B8533B4D2A7BDB64009B8825 /* Release */ = {
			isa = XCBuildConfiguration;
			buildSettings = {
				ASSETCATALOG_COMPILER_APPICON_NAME = AppIcon;
				ASSETCATALOG_COMPILER_GLOBAL_ACCENT_COLOR_NAME = AccentColor;
				CODE_SIGN_STYLE = Automatic;
				CURRENT_PROJECT_VERSION = 1;
				DEVELOPMENT_ASSET_PATHS = "\"Landmarks/Preview Content\"";
				ENABLE_PREVIEWS = YES;
				GENERATE_INFOPLIST_FILE = YES;
				INFOPLIST_KEY_UIApplicationSceneManifest_Generation = YES;
				INFOPLIST_KEY_UIApplicationSupportsIndirectInputEvents = YES;
				INFOPLIST_KEY_UILaunchScreen_Generation = YES;
				INFOPLIST_KEY_UISupportedInterfaceOrientations_iPad = "UIInterfaceOrientationPortrait UIInterfaceOrientationPortraitUpsideDown UIInterfaceOrientationLandscapeLeft UIInterfaceOrientationLandscapeRight";
				INFOPLIST_KEY_UISupportedInterfaceOrientations_iPhone = "UIInterfaceOrientationPortrait UIInterfaceOrientationLandscapeLeft UIInterfaceOrientationLandscapeRight";
				LD_RUNPATH_SEARCH_PATHS = (
					"$(inherited)",
					"@executable_path/Frameworks",
				);
				MARKETING_VERSION = 1.0;
				PRODUCT_BUNDLE_IDENTIFIER = com.hedgehog.Landmarks;
				PRODUCT_NAME = "$(TARGET_NAME)";
				SWIFT_EMIT_LOC_STRINGS = YES;
				SWIFT_VERSION = 5.0;
				TARGETED_DEVICE_FAMILY = "1,2";
			};
			name = Release;
		};
/* End XCBuildConfiguration section */

/* Begin XCConfigurationList section */
		B8533B382A7BDB63009B8825 /* Build configuration list for PBXProject "Landmarks" */ = {
			isa = XCConfigurationList;
			buildConfigurations = (
				B8533B492A7BDB64009B8825 /* Debug */,
				B8533B4A2A7BDB64009B8825 /* Release */,
			);
			defaultConfigurationIsVisible = 0;
			defaultConfigurationName = Release;
		};
		B8533B4B2A7BDB64009B8825 /* Build configuration list for PBXNativeTarget "Landmarks" */ = {
			isa = XCConfigurationList;
			buildConfigurations = (
				B8533B4C2A7BDB64009B8825 /* Debug */,
				B8533B4D2A7BDB64009B8825 /* Release */,
			);
			defaultConfigurationIsVisible = 0;
			defaultConfigurationName = Release;
		};
/* End XCConfigurationList section */
	};
	rootObject = B8533B352A7BDB63009B8825 /* Project object */;
}
